
Microsoft Visual Studio Solution File, Format Version 12.00
# Visual Studio 14
VisualStudioVersion = 14.0.25420.1
MinimumVisualStudioVersion = 10.0.40219.1
Project("{FAE04EC0-301F-11D3-BF4B-00C04F79EFBC}") = "ConsoleApplication", "ConsoleApplication\ConsoleApplication.csproj", "{5205B611-5311-4FB4-87AF-3E4B754D775B}"
EndProject
Project("{FAE04EC0-301F-11D3-BF4B-00C04F79EFBC}") = "DLLProject", "DLLProject\DLLProject.csproj", "{43B4FCE5-8449-41C1-8F91-6E168B7F0163}"
EndProject
Project("{FAE04EC0-301F-11D3-BF4B-00C04F79EFBC}") = "UnitTestProject", "UnitTestProject\UnitTestProject.csproj", "{44D6A0D7-74F3-4178-A2ED-66E2C8EAAD8B}"
EndProject
Global
	GlobalSection(SolutionConfigurationPlatforms) = preSolution
		Debug|Any CPU = Debug|Any CPU
		Release|Any CPU = Release|Any CPU
	EndGlobalSection
	GlobalSection(ProjectConfigurationPlatforms) = postSolution
		{5205B611-5311-4FB4-87AF-3E4B754D775B}.Debug|Any CPU.ActiveCfg = Debug|Any CPU
		{5205B611-5311-4FB4-87AF-3E4B754D775B}.Debug|Any CPU.Build.0 = Debug|Any CPU
		{5205B611-5311-4FB4-87AF-3E4B754D775B}.Release|Any CPU.ActiveCfg = Release|Any CPU
		{5205B611-5311-4FB4-87AF-3E4B754D775B}.Release|Any CPU.Build.0 = Release|Any CPU
		{43B4FCE5-8449-41C1-8F91-6E168B7F0163}.Debug|Any CPU.ActiveCfg = Debug|Any CPU
		{43B4FCE5-8449-41C1-8F91-6E168B7F0163}.Debug|Any CPU.Build.0 = Debug|Any CPU
		{43B4FCE5-8449-41C1-8F91-6E168B7F0163}.Release|Any CPU.ActiveCfg = Release|Any CPU
		{43B4FCE5-8449-41C1-8F91-6E168B7F0163}.Release|Any CPU.Build.0 = Release|Any CPU
		{44D6A0D7-74F3-4178-A2ED-66E2C8EAAD8B}.Debug|Any CPU.ActiveCfg = Debug|Any CPU
		{44D6A0D7-74F3-4178-A2ED-66E2C8EAAD8B}.Debug|Any CPU.Build.0 = Debug|Any CPU
		{44D6A0D7-74F3-4178-A2ED-66E2C8EAAD8B}.Release|Any CPU.ActiveCfg = Release|Any CPU
		{44D6A0D7-74F3-4178-A2ED-66E2C8EAAD8B}.Release|Any CPU.Build.0 = Release|Any CPU
	EndGlobalSection
	GlobalSection(SolutionProperties) = preSolution
		HideSolutionNode = FALSE
	EndGlobalSection
EndGlobal
